// !$*UTF8*$!
{
	archiveVersion = 1;
	classes = {
	};
	objectVersion = 50;
	objects = {

/* Begin PBXBuildFile section */
		9509B0412577D7CE0074ACC0 /* Concentration.swift in Sources */ = {isa = PBXBuildFile; fileRef = 9509B0402577D7CE0074ACC0 /* Concentration.swift */; };
		9509B0432577D88A0074ACC0 /* Card.swift in Sources */ = {isa = PBXBuildFile; fileRef = 9509B0422577D88A0074ACC0 /* Card.swift */; };
		9546661125776F17000D051C /* AppDelegate.swift in Sources */ = {isa = PBXBuildFile; fileRef = 9546661025776F17000D051C /* AppDelegate.swift */; };
		9546661325776F17000D051C /* SceneDelegate.swift in Sources */ = {isa = PBXBuildFile; fileRef = 9546661225776F17000D051C /* SceneDelegate.swift */; };
		9546661525776F17000D051C /* ViewController.swift in Sources */ = {isa = PBXBuildFile; fileRef = 9546661425776F17000D051C /* ViewController.swift */; };
		9546661825776F17000D051C /* Main.storyboard in Resources */ = {isa = PBXBuildFile; fileRef = 9546661625776F17000D051C /* Main.storyboard */; };
		9546661A25776F1C000D051C /* Assets.xcassets in Resources */ = {isa = PBXBuildFile; fileRef = 9546661925776F1C000D051C /* Assets.xcassets */; };
		9546661D25776F1C000D051C /* LaunchScreen.storyboard in Resources */ = {isa = PBXBuildFile; fileRef = 9546661B25776F1C000D051C /* LaunchScreen.storyboard */; };
/* End PBXBuildFile section */

/* Begin PBXFileReference section */
		9509B0402577D7CE0074ACC0 /* Concentration.swift */ = {isa = PBXFileReference; lastKnownFileType = sourcecode.swift; path = Concentration.swift; sourceTree = "<group>"; };
		9509B0422577D88A0074ACC0 /* Card.swift */ = {isa = PBXFileReference; lastKnownFileType = sourcecode.swift; path = Card.swift; sourceTree = "<group>"; };
		9546660D25776F17000D051C /* Concentration game.app */ = {isa = PBXFileReference; explicitFileType = wrapper.application; includeInIndex = 0; path = "Concentration game.app"; sourceTree = BUILT_PRODUCTS_DIR; };
		9546661025776F17000D051C /* AppDelegate.swift */ = {isa = PBXFileReference; lastKnownFileType = sourcecode.swift; path = AppDelegate.swift; sourceTree = "<group>"; };
		9546661225776F17000D051C /* SceneDelegate.swift */ = {isa = PBXFileReference; lastKnownFileType = sourcecode.swift; path = SceneDelegate.swift; sourceTree = "<group>"; };
		9546661425776F17000D051C /* ViewController.swift */ = {isa = PBXFileReference; lastKnownFileType = sourcecode.swift; path = ViewController.swift; sourceTree = "<group>"; };
		9546661725776F17000D051C /* Base */ = {isa = PBXFileReference; lastKnownFileType = file.storyboard; name = Base; path = Base.lproj/Main.storyboard; sourceTree = "<group>"; };
		9546661925776F1C000D051C /* Assets.xcassets */ = {isa = PBXFileReference; lastKnownFileType = folder.assetcatalog; path = Assets.xcassets; sourceTree = "<group>"; };
		9546661C25776F1C000D051C /* Base */ = {isa = PBXFileReference; lastKnownFileType = file.storyboard; name = Base; path = Base.lproj/LaunchScreen.storyboard; sourceTree = "<group>"; };
		9546661E25776F1C000D051C /* Info.plist */ = {isa = PBXFileReference; lastKnownFileType = text.plist.xml; path = Info.plist; sourceTree = "<group>"; };
/* End PBXFileReference section */

/* Begin PBXFrameworksBuildPhase section */
		9546660A25776F17000D051C /* Frameworks */ = {
			isa = PBXFrameworksBuildPhase;
			buildActionMask = 2147483647;
			files = (
			);
			runOnlyForDeploymentPostprocessing = 0;
		};
/* End PBXFrameworksBuildPhase section */

/* Begin PBXGroup section */
		9546660425776F17000D051C = {
			isa = PBXGroup;
			children = (
				9546660F25776F17000D051C /* Concentration game */,
				9546660E25776F17000D051C /* Products */,
			);
			sourceTree = "<group>";
		};
		9546660E25776F17000D051C /* Products */ = {
			isa = PBXGroup;
			children = (
				9546660D25776F17000D051C /* Concentration game.app */,
			);
			name = Products;
			sourceTree = "<group>";
		};
		9546660F25776F17000D051C /* Concentration game */ = {
			isa = PBXGroup;
			children = (
				9546661625776F17000D051C /* Main.storyboard */,
				9509B0402577D7CE0074ACC0 /* Concentration.swift */,
				9509B0422577D88A0074ACC0 /* Card.swift */,
				9546661425776F17000D051C /* ViewController.swift */,
				95466624257770A8000D051C /* Supporting files */,
				9546661E25776F1C000D051C /* Info.plist */,
			);
			path = "Concentration game";
			sourceTree = "<group>";
		};
		95466624257770A8000D051C /* Supporting files */ = {
			isa = PBXGroup;
			children = (
				9546661025776F17000D051C /* AppDelegate.swift */,
				9546661225776F17000D051C /* SceneDelegate.swift */,
				9546661B25776F1C000D051C /* LaunchScreen.storyboard */,
				9546661925776F1C000D051C /* Assets.xcassets */,
			);
			path = "Supporting files";
			sourceTree = "<group>";
		};
/* End PBXGroup section */

/* Begin PBXNativeTarget section */
		9546660C25776F17000D051C /* Concentration game */ = {
			isa = PBXNativeTarget;
			buildConfigurationList = 9546662125776F1C000D051C /* Build configuration list for PBXNativeTarget "Concentration game" */;
			buildPhases = (
				9546660925776F17000D051C /* Sources */,
				9546660A25776F17000D051C /* Frameworks */,
				9546660B25776F17000D051C /* Resources */,
			);
			buildRules = (
			);
			dependencies = (
			);
			name = "Concentration game";
			productName = "Concentration game";
			productReference = 9546660D25776F17000D051C /* Concentration game.app */;
			productType = "com.apple.product-type.application";
		};
/* End PBXNativeTarget section */

/* Begin PBXProject section */
		9546660525776F17000D051C /* Project object */ = {
			isa = PBXProject;
			attributes = {
				LastSwiftUpdateCheck = 1160;
				LastUpgradeCheck = 1160;
				ORGANIZATIONNAME = "Rauh Andrei";
				TargetAttributes = {
					9546660C25776F17000D051C = {
						CreatedOnToolsVersion = 11.6;
					};
				};
			};
			buildConfigurationList = 9546660825776F17000D051C /* Build configuration list for PBXProject "Concentration game" */;
			compatibilityVersion = "Xcode 9.3";
			developmentRegion = en;
			hasScannedForEncodings = 0;
			knownRegions = (
				en,
				Base,
			);
			mainGroup = 9546660425776F17000D051C;
			productRefGroup = 9546660E25776F17000D051C /* Products */;
			projectDirPath = "";
			projectRoot = "";
			targets = (
				9546660C25776F17000D051C /* Concentration game */,
			);
		};
/* End PBXProject section */

/* Begin PBXResourcesBuildPhase section */
		9546660B25776F17000D051C /* Resources */ = {
			isa = PBXResourcesBuildPhase;
			buildActionMask = 2147483647;
			files = (
				9546661D25776F1C000D051C /* LaunchScreen.storyboard in Resources */,
				9546661A25776F1C000D051C /* Assets.xcassets in Resources */,
				9546661825776F17000D051C /* Main.storyboard in Resources */,
			);
			runOnlyForDeploymentPostprocessing = 0;
		};
/* End PBXResourcesBuildPhase section */

/* Begin PBXSourcesBuildPhase section */
		9546660925776F17000D051C /* Sources */ = {
			isa = PBXSourcesBuildPhase;
			buildActionMask = 2147483647;
			files = (
				9546661525776F17000D051C /* ViewController.swift in Sources */,
				9509B0412577D7CE0074ACC0 /* Concentration.swift in Sources */,
				9509B0432577D88A0074ACC0 /* Card.swift in Sources */,
				9546661125776F17000D051C /* AppDelegate.swift in Sources */,
				9546661325776F17000D051C /* SceneDelegate.swift in Sources */,
			);
			runOnlyForDeploymentPostprocessing = 0;
		};
/* End PBXSourcesBuildPhase section */

/* Begin PBXVariantGroup section */
		9546661625776F17000D051C /* Main.storyboard */ = {
			isa = PBXVariantGroup;
			children = (
				9546661725776F17000D051C /* Base */,
			);
			name = Main.storyboard;
			sourceTree = "<group>";
		};
		9546661B25776F1C000D051C /* LaunchScreen.storyboard */ = {
			isa = PBXVariantGroup;
			children = (
				9546661C25776F1C000D051C /* Base */,
			);
			name = LaunchScreen.storyboard;
			sourceTree = "<group>";
		};
/* End PBXVariantGroup section */

/* Begin XCBuildConfiguration section */
		9546661F25776F1C000D051C /* Debug */ = {
			isa = XCBuildConfiguration;
			buildSettings = {
				ALWAYS_SEARCH_USER_PATHS = NO;
				CLANG_ANALYZER_NONNULL = YES;
				CLANG_ANALYZER_NUMBER_OBJECT_CONVERSION = YES_AGGRESSIVE;
				CLANG_CXX_LANGUAGE_STANDARD = "gnu++14";
				CLANG_CXX_LIBRARY = "libc++";
				CLANG_ENABLE_MODULES = YES;
				CLANG_ENABLE_OBJC_ARC = YES;
				CLANG_ENABLE_OBJC_WEAK = YES;
				CLANG_WARN_BLOCK_CAPTURE_AUTORELEASING = YES;
				CLANG_WARN_BOOL_CONVERSION = YES;
				CLANG_WARN_COMMA = YES;
				CLANG_WARN_CONSTANT_CONVERSION = YES;
				CLANG_WARN_DEPRECATED_OBJC_IMPLEMENTATIONS = YES;
				CLANG_WARN_DIRECT_OBJC_ISA_USAGE = YES_ERROR;
				CLANG_WARN_DOCUMENTATION_COMMENTS = YES;
				CLANG_WARN_EMPTY_BODY = YES;
				CLANG_WARN_ENUM_CONVERSION = YES;
				CLANG_WARN_INFINITE_RECURSION = YES;
				CLANG_WARN_INT_CONVERSION = YES;
				CLANG_WARN_NON_LITERAL_NULL_CONVERSION = YES;
				CLANG_WARN_OBJC_IMPLICIT_RETAIN_SELF = YES;
				CLANG_WARN_OBJC_LITERAL_CONVERSION = YES;
				CLANG_WARN_OBJC_ROOT_CLASS = YES_ERROR;
				CLANG_WARN_RANGE_LOOP_ANALYSIS = YES;
				CLANG_WARN_STRICT_PROTOTYPES = YES;
				CLANG_WARN_SUSPICIOUS_MOVE = YES;
				CLANG_WARN_UNGUARDED_AVAILABILITY = YES_AGGRESSIVE;
				CLANG_WARN_UNREACHABLE_CODE = YES;
				CLANG_WARN__DUPLICATE_METHOD_MATCH = YES;
				COPY_PHASE_STRIP = NO;
				DEBUG_INFORMATION_FORMAT = dwarf;
				ENABLE_STRICT_OBJC_MSGSEND = YES;
				ENABLE_TESTABILITY = YES;
				GCC_C_LANGUAGE_STANDARD = gnu11;
				GCC_DYNAMIC_NO_PIC = NO;
				GCC_NO_COMMON_BLOCKS = YES;
				GCC_OPTIMIZATION_LEVEL = 0;
				GCC_PREPROCESSOR_DEFINITIONS = (
					"DEBUG=1",
					"$(inherited)",
				);
				GCC_WARN_64_TO_32_BIT_CONVERSION = YES;
				GCC_WARN_ABOUT_RETURN_TYPE = YES_ERROR;
				GCC_WARN_UNDECLARED_SELECTOR = YES;
				GCC_WARN_UNINITIALIZED_AUTOS = YES_AGGRESSIVE;
				GCC_WARN_UNUSED_FUNCTION = YES;
				GCC_WARN_UNUSED_VARIABLE = YES;
				IPHONEOS_DEPLOYMENT_TARGET = 13.6;
				MTL_ENABLE_DEBUG_INFO = INCLUDE_SOURCE;
				MTL_FAST_MATH = YES;
				ONLY_ACTIVE_ARCH = YES;
				SDKROOT = iphoneos;
				SWIFT_ACTIVE_COMPILATION_CONDITIONS = DEBUG;
				SWIFT_OPTIMIZATION_LEVEL = "-Onone";
			};
			name = Debug;
		};
		9546662025776F1C000D051C /* Release */ = {
			isa = XCBuildConfiguration;
			buildSettings = {
				ALWAYS_SEARCH_USER_PATHS = NO;
				CLANG_ANALYZER_NONNULL = YES;
				CLANG_ANALYZER_NUMBER_OBJECT_CONVERSION = YES_AGGRESSIVE;
				CLANG_CXX_LANGUAGE_STANDARD = "gnu++14";
				CLANG_CXX_LIBRARY = "libc++";
				CLANG_ENABLE_MODULES = YES;
				CLANG_ENABLE_OBJC_ARC = YES;
				CLANG_ENABLE_OBJC_WEAK = YES;
				CLANG_WARN_BLOCK_CAPTURE_AUTORELEASING = YES;
				CLANG_WARN_BOOL_CONVERSION = YES;
				CLANG_WARN_COMMA = YES;
				CLANG_WARN_CONSTANT_CONVERSION = YES;
				CLANG_WARN_DEPRECATED_OBJC_IMPLEMENTATIONS = YES;
				CLANG_WARN_DIRECT_OBJC_ISA_USAGE = YES_ERROR;
				CLANG_WARN_DOCUMENTATION_COMMENTS = YES;
				CLANG_WARN_EMPTY_BODY = YES;
				CLANG_WARN_ENUM_CONVERSION = YES;
				CLANG_WARN_INFINITE_RECURSION = YES;
				CLANG_WARN_INT_CONVERSION = YES;
				CLANG_WARN_NON_LITERAL_NULL_CONVERSION = YES;
				CLANG_WARN_OBJC_IMPLICIT_RETAIN_SELF = YES;
				CLANG_WARN_OBJC_LITERAL_CONVERSION = YES;
				CLANG_WARN_OBJC_ROOT_CLASS = YES_ERROR;
				CLANG_WARN_RANGE_LOOP_ANALYSIS = YES;
				CLANG_WARN_STRICT_PROTOTYPES = YES;
				CLANG_WARN_SUSPICIOUS_MOVE = YES;
				CLANG_WARN_UNGUARDED_AVAILABILITY = YES_AGGRESSIVE;
				CLANG_WARN_UNREACHABLE_CODE = YES;
				CLANG_WARN__DUPLICATE_METHOD_MATCH = YES;
				COPY_PHASE_STRIP = NO;
				DEBUG_INFORMATION_FORMAT = "dwarf-with-dsym";
				ENABLE_NS_ASSERTIONS = NO;
				ENABLE_STRICT_OBJC_MSGSEND = YES;
				GCC_C_LANGUAGE_STANDARD = gnu11;
				GCC_NO_COMMON_BLOCKS = YES;
				GCC_WARN_64_TO_32_BIT_CONVERSION = YES;
				GCC_WARN_ABOUT_RETURN_TYPE = YES_ERROR;
				GCC_WARN_UNDECLARED_SELECTOR = YES;
				GCC_WARN_UNINITIALIZED_AUTOS = YES_AGGRESSIVE;
				GCC_WARN_UNUSED_FUNCTION = YES;
				GCC_WARN_UNUSED_VARIABLE = YES;
				IPHONEOS_DEPLOYMENT_TARGET = 13.6;
				MTL_ENABLE_DEBUG_INFO = NO;
				MTL_FAST_MATH = YES;
				SDKROOT = iphoneos;
				SWIFT_COMPILATION_MODE = wholemodule;
				SWIFT_OPTIMIZATION_LEVEL = "-O";
				VALIDATE_PRODUCT = YES;
			};
			name = Release;
		};
		9546662225776F1C000D051C /* Debug */ = {
			isa = XCBuildConfiguration;
			buildSettings = {
				ASSETCATALOG_COMPILER_APPICON_NAME = AppIcon;
				CODE_SIGN_STYLE = Automatic;
				INFOPLIST_FILE = "Concentration game/Info.plist";
				LD_RUNPATH_SEARCH_PATHS = (
					"$(inherited)",
					"@executable_path/Frameworks",
				);
				PRODUCT_BUNDLE_IDENTIFIER = "Rauh-Andrei.Concentration-game";
				PRODUCT_NAME = "$(TARGET_NAME)";
				SWIFT_VERSION = 5.0;
				TARGETED_DEVICE_FAMILY = "1,2";
			};
			name = Debug;
		};
		9546662325776F1C000D051C /* Release */ = {
			isa = XCBuildConfiguration;
			buildSettings = {
				ASSETCATALOG_COMPILER_APPICON_NAME = AppIcon;
				CODE_SIGN_STYLE = Automatic;
				INFOPLIST_FILE = "Concentration game/Info.plist";
				LD_RUNPATH_SEARCH_PATHS = (
					"$(inherited)",
					"@executable_path/Frameworks",
				);
				PRODUCT_BUNDLE_IDENTIFIER = "Rauh-Andrei.Concentration-game";
				PRODUCT_NAME = "$(TARGET_NAME)";
				SWIFT_VERSION = 5.0;
				TARGETED_DEVICE_FAMILY = "1,2";
			};
			name = Release;
		};
/* End XCBuildConfiguration section */

/* Begin XCConfigurationList section */
		9546660825776F17000D051C /* Build configuration list for PBXProject "Concentration game" */ = {
			isa = XCConfigurationList;
			buildConfigurations = (
				9546661F25776F1C000D051C /* Debug */,
				9546662025776F1C000D051C /* Release */,
			);
			defaultConfigurationIsVisible = 0;
			defaultConfigurationName = Release;
		};
		9546662125776F1C000D051C /* Build configuration list for PBXNativeTarget "Concentration game" */ = {
			isa = XCConfigurationList;
			buildConfigurations = (
				9546662225776F1C000D051C /* Debug */,
				9546662325776F1C000D051C /* Release */,
			);
			defaultConfigurationIsVisible = 0;
			defaultConfigurationName = Release;
		};
/* End XCConfigurationList section */
	};
	rootObject = 9546660525776F17000D051C /* Project object */;
}
